
Microsoft Visual Studio Solution File, Format Version 12.00
# Visual Studio Version 17
VisualStudioVersion = 17.1.32421.90
MinimumVisualStudioVersion = 10.0.40219.1
Project("{FAE04EC0-301F-11D3-BF4B-00C04F79EFBC}") = "Multiplicación (Constructor)", "Multiplicación (Constructor)\Multiplicación (Constructor).csproj", "{02957BA2-38A6-4F5C-B12F-C1E73DDF2899}"
EndProject
Global
	GlobalSection(SolutionConfigurationPlatforms) = preSolution
		Debug|Any CPU = Debug|Any CPU
		Release|Any CPU = Release|Any CPU
	EndGlobalSection
	GlobalSection(ProjectConfigurationPlatforms) = postSolution
		{02957BA2-38A6-4F5C-B12F-C1E73DDF2899}.Debug|Any CPU.ActiveCfg = Debug|Any CPU
		{02957BA2-38A6-4F5C-B12F-C1E73DDF2899}.Debug|Any CPU.Build.0 = Debug|Any CPU
		{02957BA2-38A6-4F5C-B12F-C1E73DDF2899}.Release|Any CPU.ActiveCfg = Release|Any CPU
		{02957BA2-38A6-4F5C-B12F-C1E73DDF2899}.Release|Any CPU.Build.0 = Release|Any CPU
	EndGlobalSection
	GlobalSection(SolutionProperties) = preSolution
		HideSolutionNode = FALSE
	EndGlobalSection
	GlobalSection(ExtensibilityGlobals) = postSolution
		SolutionGuid = {B9DB6586-8834-4CE8-8A47-3200C74D86D1}
	EndGlobalSection
EndGlobal
